
Microsoft Visual Studio Solution File, Format Version 12.00
# Visual Studio Version 17
VisualStudioVersion = 17.5.002.0
MinimumVisualStudioVersion = 10.0.40219.1
Project("{9A19103F-16F7-4668-BE54-9A1E7A4F7556}") = "CSS Araştırma ödevi", "CSS Araştırma ödevi.csproj", "{72D10A12-2E14-4987-9601-7515BE43D4E5}"
EndProject
Global
	GlobalSection(SolutionConfigurationPlatforms) = preSolution
		Debug|Any CPU = Debug|Any CPU
		Release|Any CPU = Release|Any CPU
	EndGlobalSection
	GlobalSection(ProjectConfigurationPlatforms) = postSolution
		{72D10A12-2E14-4987-9601-7515BE43D4E5}.Debug|Any CPU.ActiveCfg = Debug|Any CPU
		{72D10A12-2E14-4987-9601-7515BE43D4E5}.Debug|Any CPU.Build.0 = Debug|Any CPU
		{72D10A12-2E14-4987-9601-7515BE43D4E5}.Release|Any CPU.ActiveCfg = Release|Any CPU
		{72D10A12-2E14-4987-9601-7515BE43D4E5}.Release|Any CPU.Build.0 = Release|Any CPU
	EndGlobalSection
	GlobalSection(SolutionProperties) = preSolution
		HideSolutionNode = FALSE
	EndGlobalSection
	GlobalSection(ExtensibilityGlobals) = postSolution
		SolutionGuid = {C24E76F8-E3E2-4DE2-9188-AAFA35273C56}
	EndGlobalSection
EndGlobal
