
Microsoft Visual Studio Solution File, Format Version 12.00
# Visual Studio Version 17
VisualStudioVersion = 17.0.31903.59
MinimumVisualStudioVersion = 10.0.40219.1
Project("{FAE04EC0-301F-11D3-BF4B-00C04F79EFBC}") = "soru1", "soru1\soru1.csproj", "{DEFED8E1-BEDD-4437-85DE-28FC3700285F}"
EndProject
Project("{FAE04EC0-301F-11D3-BF4B-00C04F79EFBC}") = "soru2", "soru2\soru2.csproj", "{2B8DB070-9D5F-4227-A80F-79B4642146AF}"
EndProject
Project("{FAE04EC0-301F-11D3-BF4B-00C04F79EFBC}") = "soru3", "soru3\soru3.csproj", "{CEE0A9D0-0B60-4A72-BF1D-E04E72D4AA0E}"
EndProject
Project("{FAE04EC0-301F-11D3-BF4B-00C04F79EFBC}") = "soru4", "soru4\soru4.csproj", "{9947E2D9-95F3-4A1C-9AAC-3CEB0AA0755B}"
EndProject
Project("{FAE04EC0-301F-11D3-BF4B-00C04F79EFBC}") = "soru5", "soru5\soru5.csproj", "{129A5420-875B-43E0-B452-DDB92E6FE06C}"
EndProject
Project("{FAE04EC0-301F-11D3-BF4B-00C04F79EFBC}") = "soru6", "soru6\soru6.csproj", "{B272FE0C-7128-4979-9020-28CD27B61C0E}"
EndProject
Project("{FAE04EC0-301F-11D3-BF4B-00C04F79EFBC}") = "soru7", "soru7\soru7.csproj", "{7BB5798D-C75F-4038-A71F-E2006B666281}"
EndProject
Project("{FAE04EC0-301F-11D3-BF4B-00C04F79EFBC}") = "soru8", "soru8\soru8.csproj", "{A816A5D4-57F1-4A1D-BE8D-101F949FF48D}"
EndProject
Project("{FAE04EC0-301F-11D3-BF4B-00C04F79EFBC}") = "soru9", "soru9\soru9.csproj", "{7E92D8A4-42B3-4546-B3BE-9A43A2C95325}"
EndProject
Project("{FAE04EC0-301F-11D3-BF4B-00C04F79EFBC}") = "soru10", "soru10\soru10.csproj", "{06445028-8CFF-41DB-985F-6F7C198F8AEF}"
EndProject
Project("{FAE04EC0-301F-11D3-BF4B-00C04F79EFBC}") = "soru11", "soru11\soru11.csproj", "{B47681FF-4D8D-465C-AB75-BD308F548729}"
EndProject
Project("{FAE04EC0-301F-11D3-BF4B-00C04F79EFBC}") = "soru12", "soru12\soru12.csproj", "{F913A2DA-C0AD-4B41-9738-E0F3705D3427}"
EndProject
Project("{FAE04EC0-301F-11D3-BF4B-00C04F79EFBC}") = "soru13", "soru13\soru13.csproj", "{8D4C82B4-3D25-46D0-99FB-9A6541F09331}"
EndProject
Project("{FAE04EC0-301F-11D3-BF4B-00C04F79EFBC}") = "soru14", "soru14\soru14.csproj", "{AB0EC329-F97D-4128-BC2D-6415D8DB4F59}"
EndProject
Project("{FAE04EC0-301F-11D3-BF4B-00C04F79EFBC}") = "soru15", "soru15\soru15.csproj", "{624F61B3-3563-4F68-871D-8722CD42B586}"
EndProject
Project("{FAE04EC0-301F-11D3-BF4B-00C04F79EFBC}") = "soru16", "soru16\soru16.csproj", "{37CC9831-42D1-4648-A7BE-132352772ED8}"
EndProject
Project("{FAE04EC0-301F-11D3-BF4B-00C04F79EFBC}") = "soru17", "soru17\soru17.csproj", "{F5A80661-42FE-48EC-8DB8-D295C287BE4C}"
EndProject
Project("{2150E333-8FDC-42A3-9474-1A3956D46DE8}") = "methodslar", "methodslar", "{7F489F94-114C-4F60-9E5C-F3AB0436C61E}"
EndProject
Global
	GlobalSection(SolutionConfigurationPlatforms) = preSolution
		Debug|Any CPU = Debug|Any CPU
		Release|Any CPU = Release|Any CPU
	EndGlobalSection
	GlobalSection(ProjectConfigurationPlatforms) = postSolution
		{DEFED8E1-BEDD-4437-85DE-28FC3700285F}.Debug|Any CPU.ActiveCfg = Debug|Any CPU
		{DEFED8E1-BEDD-4437-85DE-28FC3700285F}.Debug|Any CPU.Build.0 = Debug|Any CPU
		{DEFED8E1-BEDD-4437-85DE-28FC3700285F}.Release|Any CPU.ActiveCfg = Release|Any CPU
		{DEFED8E1-BEDD-4437-85DE-28FC3700285F}.Release|Any CPU.Build.0 = Release|Any CPU
		{2B8DB070-9D5F-4227-A80F-79B4642146AF}.Debug|Any CPU.ActiveCfg = Debug|Any CPU
		{2B8DB070-9D5F-4227-A80F-79B4642146AF}.Debug|Any CPU.Build.0 = Debug|Any CPU
		{2B8DB070-9D5F-4227-A80F-79B4642146AF}.Release|Any CPU.ActiveCfg = Release|Any CPU
		{2B8DB070-9D5F-4227-A80F-79B4642146AF}.Release|Any CPU.Build.0 = Release|Any CPU
		{CEE0A9D0-0B60-4A72-BF1D-E04E72D4AA0E}.Debug|Any CPU.ActiveCfg = Debug|Any CPU
		{CEE0A9D0-0B60-4A72-BF1D-E04E72D4AA0E}.Debug|Any CPU.Build.0 = Debug|Any CPU
		{CEE0A9D0-0B60-4A72-BF1D-E04E72D4AA0E}.Release|Any CPU.ActiveCfg = Release|Any CPU
		{CEE0A9D0-0B60-4A72-BF1D-E04E72D4AA0E}.Release|Any CPU.Build.0 = Release|Any CPU
		{9947E2D9-95F3-4A1C-9AAC-3CEB0AA0755B}.Debug|Any CPU.ActiveCfg = Debug|Any CPU
		{9947E2D9-95F3-4A1C-9AAC-3CEB0AA0755B}.Debug|Any CPU.Build.0 = Debug|Any CPU
		{9947E2D9-95F3-4A1C-9AAC-3CEB0AA0755B}.Release|Any CPU.ActiveCfg = Release|Any CPU
		{9947E2D9-95F3-4A1C-9AAC-3CEB0AA0755B}.Release|Any CPU.Build.0 = Release|Any CPU
		{129A5420-875B-43E0-B452-DDB92E6FE06C}.Debug|Any CPU.ActiveCfg = Debug|Any CPU
		{129A5420-875B-43E0-B452-DDB92E6FE06C}.Debug|Any CPU.Build.0 = Debug|Any CPU
		{129A5420-875B-43E0-B452-DDB92E6FE06C}.Release|Any CPU.ActiveCfg = Release|Any CPU
		{129A5420-875B-43E0-B452-DDB92E6FE06C}.Release|Any CPU.Build.0 = Release|Any CPU
		{B272FE0C-7128-4979-9020-28CD27B61C0E}.Debug|Any CPU.ActiveCfg = Debug|Any CPU
		{B272FE0C-7128-4979-9020-28CD27B61C0E}.Debug|Any CPU.Build.0 = Debug|Any CPU
		{B272FE0C-7128-4979-9020-28CD27B61C0E}.Release|Any CPU.ActiveCfg = Release|Any CPU
		{B272FE0C-7128-4979-9020-28CD27B61C0E}.Release|Any CPU.Build.0 = Release|Any CPU
		{7BB5798D-C75F-4038-A71F-E2006B666281}.Debug|Any CPU.ActiveCfg = Debug|Any CPU
		{7BB5798D-C75F-4038-A71F-E2006B666281}.Debug|Any CPU.Build.0 = Debug|Any CPU
		{7BB5798D-C75F-4038-A71F-E2006B666281}.Release|Any CPU.ActiveCfg = Release|Any CPU
		{7BB5798D-C75F-4038-A71F-E2006B666281}.Release|Any CPU.Build.0 = Release|Any CPU
		{A816A5D4-57F1-4A1D-BE8D-101F949FF48D}.Debug|Any CPU.ActiveCfg = Debug|Any CPU
		{A816A5D4-57F1-4A1D-BE8D-101F949FF48D}.Debug|Any CPU.Build.0 = Debug|Any CPU
		{A816A5D4-57F1-4A1D-BE8D-101F949FF48D}.Release|Any CPU.ActiveCfg = Release|Any CPU
		{A816A5D4-57F1-4A1D-BE8D-101F949FF48D}.Release|Any CPU.Build.0 = Release|Any CPU
		{7E92D8A4-42B3-4546-B3BE-9A43A2C95325}.Debug|Any CPU.ActiveCfg = Debug|Any CPU
		{7E92D8A4-42B3-4546-B3BE-9A43A2C95325}.Debug|Any CPU.Build.0 = Debug|Any CPU
		{7E92D8A4-42B3-4546-B3BE-9A43A2C95325}.Release|Any CPU.ActiveCfg = Release|Any CPU
		{7E92D8A4-42B3-4546-B3BE-9A43A2C95325}.Release|Any CPU.Build.0 = Release|Any CPU
		{06445028-8CFF-41DB-985F-6F7C198F8AEF}.Debug|Any CPU.ActiveCfg = Debug|Any CPU
		{06445028-8CFF-41DB-985F-6F7C198F8AEF}.Debug|Any CPU.Build.0 = Debug|Any CPU
		{06445028-8CFF-41DB-985F-6F7C198F8AEF}.Release|Any CPU.ActiveCfg = Release|Any CPU
		{06445028-8CFF-41DB-985F-6F7C198F8AEF}.Release|Any CPU.Build.0 = Release|Any CPU
		{B47681FF-4D8D-465C-AB75-BD308F548729}.Debug|Any CPU.ActiveCfg = Debug|Any CPU
		{B47681FF-4D8D-465C-AB75-BD308F548729}.Debug|Any CPU.Build.0 = Debug|Any CPU
		{B47681FF-4D8D-465C-AB75-BD308F548729}.Release|Any CPU.ActiveCfg = Release|Any CPU
		{B47681FF-4D8D-465C-AB75-BD308F548729}.Release|Any CPU.Build.0 = Release|Any CPU
		{F913A2DA-C0AD-4B41-9738-E0F3705D3427}.Debug|Any CPU.ActiveCfg = Debug|Any CPU
		{F913A2DA-C0AD-4B41-9738-E0F3705D3427}.Debug|Any CPU.Build.0 = Debug|Any CPU
		{F913A2DA-C0AD-4B41-9738-E0F3705D3427}.Release|Any CPU.ActiveCfg = Release|Any CPU
		{F913A2DA-C0AD-4B41-9738-E0F3705D3427}.Release|Any CPU.Build.0 = Release|Any CPU
		{8D4C82B4-3D25-46D0-99FB-9A6541F09331}.Debug|Any CPU.ActiveCfg = Debug|Any CPU
		{8D4C82B4-3D25-46D0-99FB-9A6541F09331}.Debug|Any CPU.Build.0 = Debug|Any CPU
		{8D4C82B4-3D25-46D0-99FB-9A6541F09331}.Release|Any CPU.ActiveCfg = Release|Any CPU
		{8D4C82B4-3D25-46D0-99FB-9A6541F09331}.Release|Any CPU.Build.0 = Release|Any CPU
		{AB0EC329-F97D-4128-BC2D-6415D8DB4F59}.Debug|Any CPU.ActiveCfg = Debug|Any CPU
		{AB0EC329-F97D-4128-BC2D-6415D8DB4F59}.Debug|Any CPU.Build.0 = Debug|Any CPU
		{AB0EC329-F97D-4128-BC2D-6415D8DB4F59}.Release|Any CPU.ActiveCfg = Release|Any CPU
		{AB0EC329-F97D-4128-BC2D-6415D8DB4F59}.Release|Any CPU.Build.0 = Release|Any CPU
		{624F61B3-3563-4F68-871D-8722CD42B586}.Debug|Any CPU.ActiveCfg = Debug|Any CPU
		{624F61B3-3563-4F68-871D-8722CD42B586}.Debug|Any CPU.Build.0 = Debug|Any CPU
		{624F61B3-3563-4F68-871D-8722CD42B586}.Release|Any CPU.ActiveCfg = Release|Any CPU
		{624F61B3-3563-4F68-871D-8722CD42B586}.Release|Any CPU.Build.0 = Release|Any CPU
		{37CC9831-42D1-4648-A7BE-132352772ED8}.Debug|Any CPU.ActiveCfg = Debug|Any CPU
		{37CC9831-42D1-4648-A7BE-132352772ED8}.Debug|Any CPU.Build.0 = Debug|Any CPU
		{37CC9831-42D1-4648-A7BE-132352772ED8}.Release|Any CPU.ActiveCfg = Release|Any CPU
		{37CC9831-42D1-4648-A7BE-132352772ED8}.Release|Any CPU.Build.0 = Release|Any CPU
		{F5A80661-42FE-48EC-8DB8-D295C287BE4C}.Debug|Any CPU.ActiveCfg = Debug|Any CPU
		{F5A80661-42FE-48EC-8DB8-D295C287BE4C}.Debug|Any CPU.Build.0 = Debug|Any CPU
		{F5A80661-42FE-48EC-8DB8-D295C287BE4C}.Release|Any CPU.ActiveCfg = Release|Any CPU
		{F5A80661-42FE-48EC-8DB8-D295C287BE4C}.Release|Any CPU.Build.0 = Release|Any CPU
	EndGlobalSection
	GlobalSection(SolutionProperties) = preSolution
		HideSolutionNode = FALSE
	EndGlobalSection
EndGlobal
