
Microsoft Visual Studio Solution File, Format Version 12.00
# Visual Studio Version 17
VisualStudioVersion = 17.5.002.0
MinimumVisualStudioVersion = 10.0.40219.1
Project("{9A19103F-16F7-4668-BE54-9A1E7A4F7556}") = "Week2", "Week2.csproj", "{EF768F59-56AA-47DC-8891-5B49EE367E27}"
EndProject
Global
	GlobalSection(SolutionConfigurationPlatforms) = preSolution
		Debug|Any CPU = Debug|Any CPU
		Release|Any CPU = Release|Any CPU
	EndGlobalSection
	GlobalSection(ProjectConfigurationPlatforms) = postSolution
		{EF768F59-56AA-47DC-8891-5B49EE367E27}.Debug|Any CPU.ActiveCfg = Debug|Any CPU
		{EF768F59-56AA-47DC-8891-5B49EE367E27}.Debug|Any CPU.Build.0 = Debug|Any CPU
		{EF768F59-56AA-47DC-8891-5B49EE367E27}.Release|Any CPU.ActiveCfg = Release|Any CPU
		{EF768F59-56AA-47DC-8891-5B49EE367E27}.Release|Any CPU.Build.0 = Release|Any CPU
	EndGlobalSection
	GlobalSection(SolutionProperties) = preSolution
		HideSolutionNode = FALSE
	EndGlobalSection
	GlobalSection(ExtensibilityGlobals) = postSolution
		SolutionGuid = {DDEC05A3-C03F-46C4-AF87-ED6F31959EC7}
	EndGlobalSection
EndGlobal
