
Microsoft Visual Studio Solution File, Format Version 12.00
# Visual Studio Version 17
VisualStudioVersion = 17.5.002.0
MinimumVisualStudioVersion = 10.0.40219.1
Project("{9A19103F-16F7-4668-BE54-9A1E7A4F7556}") = "week3", "week3.csproj", "{D8209F3A-8194-42F4-8684-B9488A9BB794}"
EndProject
Global
	GlobalSection(SolutionConfigurationPlatforms) = preSolution
		Debug|Any CPU = Debug|Any CPU
		Release|Any CPU = Release|Any CPU
	EndGlobalSection
	GlobalSection(ProjectConfigurationPlatforms) = postSolution
		{D8209F3A-8194-42F4-8684-B9488A9BB794}.Debug|Any CPU.ActiveCfg = Debug|Any CPU
		{D8209F3A-8194-42F4-8684-B9488A9BB794}.Debug|Any CPU.Build.0 = Debug|Any CPU
		{D8209F3A-8194-42F4-8684-B9488A9BB794}.Release|Any CPU.ActiveCfg = Release|Any CPU
		{D8209F3A-8194-42F4-8684-B9488A9BB794}.Release|Any CPU.Build.0 = Release|Any CPU
	EndGlobalSection
	GlobalSection(SolutionProperties) = preSolution
		HideSolutionNode = FALSE
	EndGlobalSection
	GlobalSection(ExtensibilityGlobals) = postSolution
		SolutionGuid = {99B88B7C-6CA7-4428-9FB8-1E7984810560}
	EndGlobalSection
EndGlobal
