
Microsoft Visual Studio Solution File, Format Version 12.00
# Visual Studio Version 17
VisualStudioVersion = 17.5.002.0
MinimumVisualStudioVersion = 10.0.40219.1
Project("{9A19103F-16F7-4668-BE54-9A1E7A4F7556}") = "HTML Araştırma ödevi", "HTML Araştırma ödevi.csproj", "{2B2FE080-1F50-4A92-918B-24A9CEBD8053}"
EndProject
Global
	GlobalSection(SolutionConfigurationPlatforms) = preSolution
		Debug|Any CPU = Debug|Any CPU
		Release|Any CPU = Release|Any CPU
	EndGlobalSection
	GlobalSection(ProjectConfigurationPlatforms) = postSolution
		{2B2FE080-1F50-4A92-918B-24A9CEBD8053}.Debug|Any CPU.ActiveCfg = Debug|Any CPU
		{2B2FE080-1F50-4A92-918B-24A9CEBD8053}.Debug|Any CPU.Build.0 = Debug|Any CPU
		{2B2FE080-1F50-4A92-918B-24A9CEBD8053}.Release|Any CPU.ActiveCfg = Release|Any CPU
		{2B2FE080-1F50-4A92-918B-24A9CEBD8053}.Release|Any CPU.Build.0 = Release|Any CPU
	EndGlobalSection
	GlobalSection(SolutionProperties) = preSolution
		HideSolutionNode = FALSE
	EndGlobalSection
	GlobalSection(ExtensibilityGlobals) = postSolution
		SolutionGuid = {3BC89E7A-8F4E-47E8-A9C5-F7D10CDA1E0B}
	EndGlobalSection
EndGlobal
